
Microsoft Visual Studio Solution File, Format Version 12.00
# Visual Studio Version 16
VisualStudioVersion = 16.0.31019.35
MinimumVisualStudioVersion = 10.0.40219.1
Project("{8BC9CEB8-8B4A-11D0-8D11-00A0C91BC942}") = "职工管理系统", "职工管理系统\职工管理系统.vcxproj", "{340C70C6-84A4-4795-BF2E-996640BCB9C5}"
EndProject
Global
	GlobalSection(SolutionConfigurationPlatforms) = preSolution
		Debug|x64 = Debug|x64
		Debug|x86 = Debug|x86
		Release|x64 = Release|x64
		Release|x86 = Release|x86
	EndGlobalSection
	GlobalSection(ProjectConfigurationPlatforms) = postSolution
		{340C70C6-84A4-4795-BF2E-996640BCB9C5}.Debug|x64.ActiveCfg = Debug|x64
		{340C70C6-84A4-4795-BF2E-996640BCB9C5}.Debug|x64.Build.0 = Debug|x64
		{340C70C6-84A4-4795-BF2E-996640BCB9C5}.Debug|x86.ActiveCfg = Debug|Win32
		{340C70C6-84A4-4795-BF2E-996640BCB9C5}.Debug|x86.Build.0 = Debug|Win32
		{340C70C6-84A4-4795-BF2E-996640BCB9C5}.Release|x64.ActiveCfg = Release|x64
		{340C70C6-84A4-4795-BF2E-996640BCB9C5}.Release|x64.Build.0 = Release|x64
		{340C70C6-84A4-4795-BF2E-996640BCB9C5}.Release|x86.ActiveCfg = Release|Win32
		{340C70C6-84A4-4795-BF2E-996640BCB9C5}.Release|x86.Build.0 = Release|Win32
	EndGlobalSection
	GlobalSection(SolutionProperties) = preSolution
		HideSolutionNode = FALSE
	EndGlobalSection
	GlobalSection(ExtensibilityGlobals) = postSolution
		SolutionGuid = {75A34F23-C29B-450F-8224-6715E3C26ED0}
	EndGlobalSection
EndGlobal
